<?xml version="1.0" encoding="UTF-8"?>
<!DOCTYPE plist PUBLIC "-//Apple//DTD PLIST 1.0//EN" "http://www.apple.com/DTDs/PropertyList-1.0.dtd">
<plist version="1.0">
<dict>
	<key>archiveVersion</key>
	<string>1</string>
	<key>classes</key>
	<dict/>
	<key>objectVersion</key>
	<string>46</string>
	<key>objects</key>
	<dict>
		<key>BBECC5C01A3F8634004C0DED</key>
		<dict>
			<key>children</key>
			<array>
				<string>BBECC5CB1A3F8635004C0DED</string>
				<string>BBECC5E11A3F8635004C0DED</string>
				<string>BBECC5CA1A3F8635004C0DED</string>
			</array>
			<key>isa</key>
			<string>PBXGroup</string>
			<key>sourceTree</key>
			<string>&lt;group&gt;</string>
		</dict>
		<key>BBECC5C11A3F8635004C0DED</key>
		<dict>
			<key>attributes</key>
			<dict>
				<key>LastUpgradeCheck</key>
				<string>0610</string>
				<key>ORGANIZATIONNAME</key>
				<string>Jozsef Vesza</string>
				<key>TargetAttributes</key>
				<dict>
					<key>BBECC5C81A3F8635004C0DED</key>
					<dict>
						<key>CreatedOnToolsVersion</key>
						<string>6.1.1</string>
					</dict>
					<key>BBECC5DD1A3F8635004C0DED</key>
					<dict>
						<key>CreatedOnToolsVersion</key>
						<string>6.1.1</string>
						<key>TestTargetID</key>
						<string>BBECC5C81A3F8635004C0DED</string>
					</dict>
				</dict>
			</dict>
			<key>buildConfigurationList</key>
			<string>BBECC5C41A3F8635004C0DED</string>
			<key>compatibilityVersion</key>
			<string>Xcode 3.2</string>
			<key>developmentRegion</key>
			<string>English</string>
			<key>hasScannedForEncodings</key>
			<string>0</string>
			<key>isa</key>
			<string>PBXProject</string>
			<key>knownRegions</key>
			<array>
				<string>en</string>
				<string>Base</string>
			</array>
			<key>mainGroup</key>
			<string>BBECC5C01A3F8634004C0DED</string>
			<key>productRefGroup</key>
			<string>BBECC5CA1A3F8635004C0DED</string>
			<key>projectDirPath</key>
			<string></string>
			<key>projectReferences</key>
			<array/>
			<key>projectRoot</key>
			<string></string>
			<key>targets</key>
			<array>
				<string>BBECC5C81A3F8635004C0DED</string>
				<string>BBECC5DD1A3F8635004C0DED</string>
			</array>
		</dict>
		<key>BBECC5C41A3F8635004C0DED</key>
		<dict>
			<key>buildConfigurations</key>
			<array>
				<string>BBECC5E61A3F8635004C0DED</string>
				<string>BBECC5E71A3F8635004C0DED</string>
			</array>
			<key>defaultConfigurationIsVisible</key>
			<string>0</string>
			<key>defaultConfigurationName</key>
			<string>Release</string>
			<key>isa</key>
			<string>XCConfigurationList</string>
		</dict>
		<key>BBECC5C51A3F8635004C0DED</key>
		<dict>
			<key>buildActionMask</key>
			<string>2147483647</string>
			<key>files</key>
			<array>
				<string>BBECC5FB1A3F9D51004C0DED</string>
				<string>BBECC5F51A3F897F004C0DED</string>
				<string>BBECC5CF1A3F8635004C0DED</string>
				<string>BBECC5F71A3F89E4004C0DED</string>
				<string>BBECC5FD1A3FB8D8004C0DED</string>
				<string>BBECC5F91A3F8C52004C0DED</string>
				<string>BBECC5FF1A3FB8EE004C0DED</string>
				<string>BBECC5EF1A3F866E004C0DED</string>
				<string>BBECC5F11A3F889C004C0DED</string>
			</array>
			<key>isa</key>
			<string>PBXSourcesBuildPhase</string>
			<key>runOnlyForDeploymentPostprocessing</key>
			<string>0</string>
		</dict>
		<key>BBECC5C61A3F8635004C0DED</key>
		<dict>
			<key>buildActionMask</key>
			<string>2147483647</string>
			<key>files</key>
			<array/>
			<key>isa</key>
			<string>PBXFrameworksBuildPhase</string>
			<key>runOnlyForDeploymentPostprocessing</key>
			<string>0</string>
		</dict>
		<key>BBECC5C71A3F8635004C0DED</key>
		<dict>
			<key>buildActionMask</key>
			<string>2147483647</string>
			<key>files</key>
			<array>
				<string>BBECC5D41A3F8635004C0DED</string>
				<string>BBECC5D91A3F8635004C0DED</string>
				<string>BBECC5D61A3F8635004C0DED</string>
			</array>
			<key>isa</key>
			<string>PBXResourcesBuildPhase</string>
			<key>runOnlyForDeploymentPostprocessing</key>
			<string>0</string>
		</dict>
		<key>BBECC5C81A3F8635004C0DED</key>
		<dict>
			<key>buildConfigurationList</key>
			<string>BBECC5E81A3F8635004C0DED</string>
			<key>buildPhases</key>
			<array>
				<string>BBECC5C51A3F8635004C0DED</string>
				<string>BBECC5C61A3F8635004C0DED</string>
				<string>BBECC5C71A3F8635004C0DED</string>
			</array>
			<key>buildRules</key>
			<array/>
			<key>dependencies</key>
			<array/>
			<key>isa</key>
			<string>PBXNativeTarget</string>
			<key>name</key>
			<string>MVVMExample</string>
			<key>productName</key>
			<string>MVVMExample</string>
			<key>productReference</key>
			<string>BBECC5C91A3F8635004C0DED</string>
			<key>productType</key>
			<string>com.apple.product-type.application</string>
		</dict>
		<key>BBECC5C91A3F8635004C0DED</key>
		<dict>
			<key>explicitFileType</key>
			<string>wrapper.application</string>
			<key>includeInIndex</key>
			<string>0</string>
			<key>isa</key>
			<string>PBXFileReference</string>
			<key>path</key>
			<string>MVVMExample.app</string>
			<key>sourceTree</key>
			<string>BUILT_PRODUCTS_DIR</string>
		</dict>
		<key>BBECC5CA1A3F8635004C0DED</key>
		<dict>
			<key>children</key>
			<array>
				<string>BBECC5C91A3F8635004C0DED</string>
				<string>BBECC5DE1A3F8635004C0DED</string>
			</array>
			<key>isa</key>
			<string>PBXGroup</string>
			<key>name</key>
			<string>Products</string>
			<key>sourceTree</key>
			<string>&lt;group&gt;</string>
		</dict>
		<key>BBECC5CB1A3F8635004C0DED</key>
		<dict>
			<key>children</key>
			<array>
				<string>BBECC6031A3FC40B004C0DED</string>
				<string>BBECC6051A3FC434004C0DED</string>
				<string>BBECC6001A3FC3B7004C0DED</string>
				<string>BBECC5CE1A3F8635004C0DED</string>
				<string>BBECC5D21A3F8635004C0DED</string>
				<string>BBECC5D51A3F8635004C0DED</string>
				<string>BBECC5D71A3F8635004C0DED</string>
				<string>BBECC5CC1A3F8635004C0DED</string>
			</array>
			<key>isa</key>
			<string>PBXGroup</string>
			<key>path</key>
			<string>MVVMExample</string>
			<key>sourceTree</key>
			<string>&lt;group&gt;</string>
		</dict>
		<key>BBECC5CC1A3F8635004C0DED</key>
		<dict>
			<key>children</key>
			<array>
				<string>BBECC5CD1A3F8635004C0DED</string>
			</array>
			<key>isa</key>
			<string>PBXGroup</string>
			<key>name</key>
			<string>Supporting Files</string>
			<key>path</key>
			<string>Supporting Files</string>
			<key>sourceTree</key>
			<string>&lt;group&gt;</string>
		</dict>
		<key>BBECC5CD1A3F8635004C0DED</key>
		<dict>
			<key>isa</key>
			<string>PBXFileReference</string>
			<key>lastKnownFileType</key>
			<string>text.plist.xml</string>
			<key>path</key>
			<string>Info.plist</string>
			<key>sourceTree</key>
			<string>&lt;group&gt;</string>
		</dict>
		<key>BBECC5CE1A3F8635004C0DED</key>
		<dict>
			<key>isa</key>
			<string>PBXFileReference</string>
			<key>lastKnownFileType</key>
			<string>sourcecode.swift</string>
			<key>path</key>
			<string>AppDelegate.swift</string>
			<key>sourceTree</key>
			<string>&lt;group&gt;</string>
		</dict>
		<key>BBECC5CF1A3F8635004C0DED</key>
		<dict>
			<key>fileRef</key>
			<string>BBECC5CE1A3F8635004C0DED</string>
			<key>isa</key>
			<string>PBXBuildFile</string>
		</dict>
		<key>BBECC5D21A3F8635004C0DED</key>
		<dict>
			<key>children</key>
			<array>
				<string>BBECC5D31A3F8635004C0DED</string>
			</array>
			<key>isa</key>
			<string>PBXVariantGroup</string>
			<key>name</key>
			<string>Main.storyboard</string>
			<key>sourceTree</key>
			<string>&lt;group&gt;</string>
		</dict>
		<key>BBECC5D31A3F8635004C0DED</key>
		<dict>
			<key>isa</key>
			<string>PBXFileReference</string>
			<key>lastKnownFileType</key>
			<string>file.storyboard</string>
			<key>name</key>
			<string>Base</string>
			<key>path</key>
			<string>Base.lproj/Main.storyboard</string>
			<key>sourceTree</key>
			<string>&lt;group&gt;</string>
		</dict>
		<key>BBECC5D41A3F8635004C0DED</key>
		<dict>
			<key>fileRef</key>
			<string>BBECC5D21A3F8635004C0DED</string>
			<key>isa</key>
			<string>PBXBuildFile</string>
		</dict>
		<key>BBECC5D51A3F8635004C0DED</key>
		<dict>
			<key>isa</key>
			<string>PBXFileReference</string>
			<key>lastKnownFileType</key>
			<string>folder.assetcatalog</string>
			<key>path</key>
			<string>Images.xcassets</string>
			<key>sourceTree</key>
			<string>&lt;group&gt;</string>
		</dict>
		<key>BBECC5D61A3F8635004C0DED</key>
		<dict>
			<key>fileRef</key>
			<string>BBECC5D51A3F8635004C0DED</string>
			<key>isa</key>
			<string>PBXBuildFile</string>
		</dict>
		<key>BBECC5D71A3F8635004C0DED</key>
		<dict>
			<key>children</key>
			<array>
				<string>BBECC5D81A3F8635004C0DED</string>
			</array>
			<key>isa</key>
			<string>PBXVariantGroup</string>
			<key>name</key>
			<string>LaunchScreen.xib</string>
			<key>sourceTree</key>
			<string>&lt;group&gt;</string>
		</dict>
		<key>BBECC5D81A3F8635004C0DED</key>
		<dict>
			<key>isa</key>
			<string>PBXFileReference</string>
			<key>lastKnownFileType</key>
			<string>file.xib</string>
			<key>name</key>
			<string>Base</string>
			<key>path</key>
			<string>Base.lproj/LaunchScreen.xib</string>
			<key>sourceTree</key>
			<string>&lt;group&gt;</string>
		</dict>
		<key>BBECC5D91A3F8635004C0DED</key>
		<dict>
			<key>fileRef</key>
			<string>BBECC5D71A3F8635004C0DED</string>
			<key>isa</key>
			<string>PBXBuildFile</string>
		</dict>
		<key>BBECC5DA1A3F8635004C0DED</key>
		<dict>
			<key>buildActionMask</key>
			<string>2147483647</string>
			<key>files</key>
			<array>
				<string>BBECC5E51A3F8635004C0DED</string>
			</array>
			<key>isa</key>
			<string>PBXSourcesBuildPhase</string>
			<key>runOnlyForDeploymentPostprocessing</key>
			<string>0</string>
		</dict>
		<key>BBECC5DB1A3F8635004C0DED</key>
		<dict>
			<key>buildActionMask</key>
			<string>2147483647</string>
			<key>files</key>
			<array/>
			<key>isa</key>
			<string>PBXFrameworksBuildPhase</string>
			<key>runOnlyForDeploymentPostprocessing</key>
			<string>0</string>
		</dict>
		<key>BBECC5DC1A3F8635004C0DED</key>
		<dict>
			<key>buildActionMask</key>
			<string>2147483647</string>
			<key>files</key>
			<array/>
			<key>isa</key>
			<string>PBXResourcesBuildPhase</string>
			<key>runOnlyForDeploymentPostprocessing</key>
			<string>0</string>
		</dict>
		<key>BBECC5DD1A3F8635004C0DED</key>
		<dict>
			<key>buildConfigurationList</key>
			<string>BBECC5EB1A3F8635004C0DED</string>
			<key>buildPhases</key>
			<array>
				<string>BBECC5DA1A3F8635004C0DED</string>
				<string>BBECC5DB1A3F8635004C0DED</string>
				<string>BBECC5DC1A3F8635004C0DED</string>
			</array>
			<key>buildRules</key>
			<array/>
			<key>dependencies</key>
			<array>
				<string>BBECC5E01A3F8635004C0DED</string>
			</array>
			<key>isa</key>
			<string>PBXNativeTarget</string>
			<key>name</key>
			<string>MVVMExampleTests</string>
			<key>productName</key>
			<string>MVVMExampleTests</string>
			<key>productReference</key>
			<string>BBECC5DE1A3F8635004C0DED</string>
			<key>productType</key>
			<string>com.apple.product-type.bundle.unit-test</string>
		</dict>
		<key>BBECC5DE1A3F8635004C0DED</key>
		<dict>
			<key>explicitFileType</key>
			<string>wrapper.cfbundle</string>
			<key>includeInIndex</key>
			<string>0</string>
			<key>isa</key>
			<string>PBXFileReference</string>
			<key>path</key>
			<string>MVVMExampleTests.xctest</string>
			<key>sourceTree</key>
			<string>BUILT_PRODUCTS_DIR</string>
		</dict>
		<key>BBECC5DF1A3F8635004C0DED</key>
		<dict>
			<key>containerPortal</key>
			<string>BBECC5C11A3F8635004C0DED</string>
			<key>isa</key>
			<string>PBXContainerItemProxy</string>
			<key>proxyType</key>
			<string>1</string>
			<key>remoteGlobalIDString</key>
			<string>BBECC5C81A3F8635004C0DED</string>
			<key>remoteInfo</key>
			<string>MVVMExample</string>
		</dict>
		<key>BBECC5E01A3F8635004C0DED</key>
		<dict>
			<key>isa</key>
			<string>PBXTargetDependency</string>
			<key>target</key>
			<string>BBECC5C81A3F8635004C0DED</string>
			<key>targetProxy</key>
			<string>BBECC5DF1A3F8635004C0DED</string>
		</dict>
		<key>BBECC5E11A3F8635004C0DED</key>
		<dict>
			<key>children</key>
			<array>
				<string>BBECC5E41A3F8635004C0DED</string>
				<string>BBECC5E21A3F8635004C0DED</string>
			</array>
			<key>isa</key>
			<string>PBXGroup</string>
			<key>path</key>
			<string>MVVMExampleTests</string>
			<key>sourceTree</key>
			<string>&lt;group&gt;</string>
		</dict>
		<key>BBECC5E21A3F8635004C0DED</key>
		<dict>
			<key>children</key>
			<array>
				<string>BBECC5E31A3F8635004C0DED</string>
			</array>
			<key>isa</key>
			<string>PBXGroup</string>
			<key>name</key>
			<string>Supporting Files</string>
			<key>path</key>
			<string>Supporting Files</string>
			<key>sourceTree</key>
			<string>&lt;group&gt;</string>
		</dict>
		<key>BBECC5E31A3F8635004C0DED</key>
		<dict>
			<key>isa</key>
			<string>PBXFileReference</string>
			<key>lastKnownFileType</key>
			<string>text.plist.xml</string>
			<key>path</key>
			<string>Info.plist</string>
			<key>sourceTree</key>
			<string>&lt;group&gt;</string>
		</dict>
		<key>BBECC5E41A3F8635004C0DED</key>
		<dict>
			<key>isa</key>
			<string>PBXFileReference</string>
			<key>lastKnownFileType</key>
			<string>sourcecode.swift</string>
			<key>path</key>
			<string>MVVMExampleTests.swift</string>
			<key>sourceTree</key>
			<string>&lt;group&gt;</string>
		</dict>
		<key>BBECC5E51A3F8635004C0DED</key>
		<dict>
			<key>fileRef</key>
			<string>BBECC5E41A3F8635004C0DED</string>
			<key>isa</key>
			<string>PBXBuildFile</string>
		</dict>
		<key>BBECC5E61A3F8635004C0DED</key>
		<dict>
			<key>buildSettings</key>
			<dict>
				<key>ALWAYS_SEARCH_USER_PATHS</key>
				<string>NO</string>
				<key>CLANG_CXX_LANGUAGE_STANDARD</key>
				<string>gnu++0x</string>
				<key>CLANG_CXX_LIBRARY</key>
				<string>libc++</string>
				<key>CLANG_ENABLE_MODULES</key>
				<string>YES</string>
				<key>CLANG_ENABLE_OBJC_ARC</key>
				<string>YES</string>
				<key>CLANG_WARN_BOOL_CONVERSION</key>
				<string>YES</string>
				<key>CLANG_WARN_CONSTANT_CONVERSION</key>
				<string>YES</string>
				<key>CLANG_WARN_DIRECT_OBJC_ISA_USAGE</key>
				<string>YES_ERROR</string>
				<key>CLANG_WARN_EMPTY_BODY</key>
				<string>YES</string>
				<key>CLANG_WARN_ENUM_CONVERSION</key>
				<string>YES</string>
				<key>CLANG_WARN_INT_CONVERSION</key>
				<string>YES</string>
				<key>CLANG_WARN_OBJC_ROOT_CLASS</key>
				<string>YES_ERROR</string>
				<key>CLANG_WARN_UNREACHABLE_CODE</key>
				<string>YES</string>
				<key>CLANG_WARN__DUPLICATE_METHOD_MATCH</key>
				<string>YES</string>
				<key>CODE_SIGN_IDENTITY[sdk=iphoneos*]</key>
				<string>iPhone Developer</string>
				<key>COPY_PHASE_STRIP</key>
				<string>NO</string>
				<key>ENABLE_STRICT_OBJC_MSGSEND</key>
				<string>YES</string>
				<key>GCC_C_LANGUAGE_STANDARD</key>
				<string>gnu99</string>
				<key>GCC_DYNAMIC_NO_PIC</key>
				<string>NO</string>
				<key>GCC_OPTIMIZATION_LEVEL</key>
				<string>0</string>
				<key>GCC_PREPROCESSOR_DEFINITIONS</key>
				<array>
					<string>DEBUG=1</string>
					<string>$(inherited)</string>
				</array>
				<key>GCC_SYMBOLS_PRIVATE_EXTERN</key>
				<string>NO</string>
				<key>GCC_WARN_64_TO_32_BIT_CONVERSION</key>
				<string>YES</string>
				<key>GCC_WARN_ABOUT_RETURN_TYPE</key>
				<string>YES_ERROR</string>
				<key>GCC_WARN_UNDECLARED_SELECTOR</key>
				<string>YES</string>
				<key>GCC_WARN_UNINITIALIZED_AUTOS</key>
				<string>YES_AGGRESSIVE</string>
				<key>GCC_WARN_UNUSED_FUNCTION</key>
				<string>YES</string>
				<key>GCC_WARN_UNUSED_VARIABLE</key>
				<string>YES</string>
				<key>IPHONEOS_DEPLOYMENT_TARGET</key>
				<string>8.1</string>
				<key>MTL_ENABLE_DEBUG_INFO</key>
				<string>YES</string>
				<key>ONLY_ACTIVE_ARCH</key>
				<string>YES</string>
				<key>SDKROOT</key>
				<string>iphoneos</string>
				<key>SWIFT_OPTIMIZATION_LEVEL</key>
				<string>-Onone</string>
				<key>TARGETED_DEVICE_FAMILY</key>
				<string>1,2</string>
			</dict>
			<key>isa</key>
			<string>XCBuildConfiguration</string>
			<key>name</key>
			<string>Debug</string>
		</dict>
		<key>BBECC5E71A3F8635004C0DED</key>
		<dict>
			<key>buildSettings</key>
			<dict>
				<key>ALWAYS_SEARCH_USER_PATHS</key>
				<string>NO</string>
				<key>CLANG_CXX_LANGUAGE_STANDARD</key>
				<string>gnu++0x</string>
				<key>CLANG_CXX_LIBRARY</key>
				<string>libc++</string>
				<key>CLANG_ENABLE_MODULES</key>
				<string>YES</string>
				<key>CLANG_ENABLE_OBJC_ARC</key>
				<string>YES</string>
				<key>CLANG_WARN_BOOL_CONVERSION</key>
				<string>YES</string>
				<key>CLANG_WARN_CONSTANT_CONVERSION</key>
				<string>YES</string>
				<key>CLANG_WARN_DIRECT_OBJC_ISA_USAGE</key>
				<string>YES_ERROR</string>
				<key>CLANG_WARN_EMPTY_BODY</key>
				<string>YES</string>
				<key>CLANG_WARN_ENUM_CONVERSION</key>
				<string>YES</string>
				<key>CLANG_WARN_INT_CONVERSION</key>
				<string>YES</string>
				<key>CLANG_WARN_OBJC_ROOT_CLASS</key>
				<string>YES_ERROR</string>
				<key>CLANG_WARN_UNREACHABLE_CODE</key>
				<string>YES</string>
				<key>CLANG_WARN__DUPLICATE_METHOD_MATCH</key>
				<string>YES</string>
				<key>CODE_SIGN_IDENTITY[sdk=iphoneos*]</key>
				<string>iPhone Developer</string>
				<key>COPY_PHASE_STRIP</key>
				<string>YES</string>
				<key>ENABLE_NS_ASSERTIONS</key>
				<string>NO</string>
				<key>ENABLE_STRICT_OBJC_MSGSEND</key>
				<string>YES</string>
				<key>GCC_C_LANGUAGE_STANDARD</key>
				<string>gnu99</string>
				<key>GCC_WARN_64_TO_32_BIT_CONVERSION</key>
				<string>YES</string>
				<key>GCC_WARN_ABOUT_RETURN_TYPE</key>
				<string>YES_ERROR</string>
				<key>GCC_WARN_UNDECLARED_SELECTOR</key>
				<string>YES</string>
				<key>GCC_WARN_UNINITIALIZED_AUTOS</key>
				<string>YES_AGGRESSIVE</string>
				<key>GCC_WARN_UNUSED_FUNCTION</key>
				<string>YES</string>
				<key>GCC_WARN_UNUSED_VARIABLE</key>
				<string>YES</string>
				<key>IPHONEOS_DEPLOYMENT_TARGET</key>
				<string>8.1</string>
				<key>MTL_ENABLE_DEBUG_INFO</key>
				<string>NO</string>
				<key>SDKROOT</key>
				<string>iphoneos</string>
				<key>TARGETED_DEVICE_FAMILY</key>
				<string>1,2</string>
				<key>VALIDATE_PRODUCT</key>
				<string>YES</string>
			</dict>
			<key>isa</key>
			<string>XCBuildConfiguration</string>
			<key>name</key>
			<string>Release</string>
		</dict>
		<key>BBECC5E81A3F8635004C0DED</key>
		<dict>
			<key>buildConfigurations</key>
			<array>
				<string>BBECC5E91A3F8635004C0DED</string>
				<string>BBECC5EA1A3F8635004C0DED</string>
			</array>
			<key>defaultConfigurationIsVisible</key>
			<string>0</string>
			<key>defaultConfigurationName</key>
			<string>Release</string>
			<key>isa</key>
			<string>XCConfigurationList</string>
		</dict>
		<key>BBECC5E91A3F8635004C0DED</key>
		<dict>
			<key>buildSettings</key>
			<dict>
				<key>ASSETCATALOG_COMPILER_APPICON_NAME</key>
				<string>AppIcon</string>
				<key>INFOPLIST_FILE</key>
				<string>MVVMExample/Supporting Files/Info.plist</string>
				<key>LD_RUNPATH_SEARCH_PATHS</key>
				<string>$(inherited) @executable_path/Frameworks</string>
				<key>PRODUCT_NAME</key>
				<string>$(TARGET_NAME)</string>
			</dict>
			<key>isa</key>
			<string>XCBuildConfiguration</string>
			<key>name</key>
			<string>Debug</string>
		</dict>
		<key>BBECC5EA1A3F8635004C0DED</key>
		<dict>
			<key>buildSettings</key>
			<dict>
				<key>ASSETCATALOG_COMPILER_APPICON_NAME</key>
				<string>AppIcon</string>
				<key>INFOPLIST_FILE</key>
				<string>MVVMExample/Supporting Files/Info.plist</string>
				<key>LD_RUNPATH_SEARCH_PATHS</key>
				<string>$(inherited) @executable_path/Frameworks</string>
				<key>PRODUCT_NAME</key>
				<string>$(TARGET_NAME)</string>
			</dict>
			<key>isa</key>
			<string>XCBuildConfiguration</string>
			<key>name</key>
			<string>Release</string>
		</dict>
		<key>BBECC5EB1A3F8635004C0DED</key>
		<dict>
			<key>buildConfigurations</key>
			<array>
				<string>BBECC5EC1A3F8635004C0DED</string>
				<string>BBECC5ED1A3F8635004C0DED</string>
			</array>
			<key>defaultConfigurationIsVisible</key>
			<string>0</string>
			<key>defaultConfigurationName</key>
			<string>Release</string>
			<key>isa</key>
			<string>XCConfigurationList</string>
		</dict>
		<key>BBECC5EC1A3F8635004C0DED</key>
		<dict>
			<key>buildSettings</key>
			<dict>
				<key>BUNDLE_LOADER</key>
				<string>$(TEST_HOST)</string>
				<key>FRAMEWORK_SEARCH_PATHS</key>
				<array>
					<string>$(SDKROOT)/Developer/Library/Frameworks</string>
					<string>$(inherited)</string>
				</array>
				<key>GCC_PREPROCESSOR_DEFINITIONS</key>
				<array>
					<string>DEBUG=1</string>
					<string>$(inherited)</string>
				</array>
				<key>INFOPLIST_FILE</key>
				<string>MVVMExampleTests/Supporting Files/Info.plist</string>
				<key>LD_RUNPATH_SEARCH_PATHS</key>
				<string>$(inherited) @executable_path/Frameworks @loader_path/Frameworks</string>
				<key>PRODUCT_NAME</key>
				<string>$(TARGET_NAME)</string>
				<key>TEST_HOST</key>
				<string>$(BUILT_PRODUCTS_DIR)/MVVMExample.app/MVVMExample</string>
			</dict>
			<key>isa</key>
			<string>XCBuildConfiguration</string>
			<key>name</key>
			<string>Debug</string>
		</dict>
		<key>BBECC5ED1A3F8635004C0DED</key>
		<dict>
			<key>buildSettings</key>
			<dict>
				<key>BUNDLE_LOADER</key>
				<string>$(TEST_HOST)</string>
				<key>FRAMEWORK_SEARCH_PATHS</key>
				<array>
					<string>$(SDKROOT)/Developer/Library/Frameworks</string>
					<string>$(inherited)</string>
				</array>
				<key>INFOPLIST_FILE</key>
				<string>MVVMExampleTests/Supporting Files/Info.plist</string>
				<key>LD_RUNPATH_SEARCH_PATHS</key>
				<string>$(inherited) @executable_path/Frameworks @loader_path/Frameworks</string>
				<key>PRODUCT_NAME</key>
				<string>$(TARGET_NAME)</string>
				<key>TEST_HOST</key>
				<string>$(BUILT_PRODUCTS_DIR)/MVVMExample.app/MVVMExample</string>
			</dict>
			<key>isa</key>
			<string>XCBuildConfiguration</string>
			<key>name</key>
			<string>Release</string>
		</dict>
		<key>BBECC5EE1A3F866E004C0DED</key>
		<dict>
			<key>fileEncoding</key>
			<string>4</string>
			<key>isa</key>
			<string>PBXFileReference</string>
			<key>lastKnownFileType</key>
			<string>sourcecode.swift</string>
			<key>path</key>
			<string>MenuViewController.swift</string>
			<key>sourceTree</key>
			<string>&lt;group&gt;</string>
		</dict>
		<key>BBECC5EF1A3F866E004C0DED</key>
		<dict>
			<key>fileRef</key>
			<string>BBECC5EE1A3F866E004C0DED</string>
			<key>isa</key>
			<string>PBXBuildFile</string>
		</dict>
		<key>BBECC5F01A3F889C004C0DED</key>
		<dict>
			<key>fileEncoding</key>
			<string>4</string>
			<key>isa</key>
			<string>PBXFileReference</string>
			<key>lastKnownFileType</key>
			<string>sourcecode.swift</string>
			<key>path</key>
			<string>MenuCell.swift</string>
			<key>sourceTree</key>
			<string>&lt;group&gt;</string>
		</dict>
		<key>BBECC5F11A3F889C004C0DED</key>
		<dict>
			<key>fileRef</key>
			<string>BBECC5F01A3F889C004C0DED</string>
			<key>isa</key>
			<string>PBXBuildFile</string>
		</dict>
		<key>BBECC5F41A3F897F004C0DED</key>
		<dict>
			<key>fileEncoding</key>
			<string>4</string>
			<key>isa</key>
			<string>PBXFileReference</string>
			<key>lastKnownFileType</key>
			<string>sourcecode.swift</string>
			<key>path</key>
			<string>Meal.swift</string>
			<key>sourceTree</key>
			<string>&lt;group&gt;</string>
		</dict>
		<key>BBECC5F51A3F897F004C0DED</key>
		<dict>
			<key>fileRef</key>
			<string>BBECC5F41A3F897F004C0DED</string>
			<key>isa</key>
			<string>PBXBuildFile</string>
		</dict>
		<key>BBECC5F61A3F89E4004C0DED</key>
		<dict>
			<key>fileEncoding</key>
			<string>4</string>
			<key>isa</key>
			<string>PBXFileReference</string>
			<key>lastKnownFileType</key>
			<string>sourcecode.swift</string>
			<key>path</key>
			<string>MenuViewModelType.swift</string>
			<key>sourceTree</key>
			<string>&lt;group&gt;</string>
		</dict>
		<key>BBECC5F71A3F89E4004C0DED</key>
		<dict>
			<key>fileRef</key>
			<string>BBECC5F61A3F89E4004C0DED</string>
			<key>isa</key>
			<string>PBXBuildFile</string>
		</dict>
		<key>BBECC5F81A3F8C52004C0DED</key>
		<dict>
			<key>fileEncoding</key>
			<string>4</string>
			<key>isa</key>
			<string>PBXFileReference</string>
			<key>lastKnownFileType</key>
			<string>sourcecode.swift</string>
			<key>path</key>
			<string>MenuViewModel.swift</string>
			<key>sourceTree</key>
			<string>&lt;group&gt;</string>
		</dict>
		<key>BBECC5F91A3F8C52004C0DED</key>
		<dict>
			<key>fileRef</key>
			<string>BBECC5F81A3F8C52004C0DED</string>
			<key>isa</key>
			<string>PBXBuildFile</string>
		</dict>
		<key>BBECC5FA1A3F9D51004C0DED</key>
		<dict>
			<key>fileEncoding</key>
			<string>4</string>
			<key>isa</key>
			<string>PBXFileReference</string>
			<key>lastKnownFileType</key>
			<string>sourcecode.swift</string>
			<key>path</key>
			<string>BindingExtensions.swift</string>
			<key>sourceTree</key>
			<string>&lt;group&gt;</string>
		</dict>
		<key>BBECC5FB1A3F9D51004C0DED</key>
		<dict>
			<key>fileRef</key>
			<string>BBECC5FA1A3F9D51004C0DED</string>
			<key>isa</key>
			<string>PBXBuildFile</string>
		</dict>
		<key>BBECC5FC1A3FB8D8004C0DED</key>
		<dict>
			<key>fileEncoding</key>
			<string>4</string>
			<key>isa</key>
			<string>PBXFileReference</string>
			<key>lastKnownFileType</key>
			<string>sourcecode.swift</string>
			<key>path</key>
			<string>MealDownloadService.swift</string>
			<key>sourceTree</key>
			<string>&lt;group&gt;</string>
		</dict>
		<key>BBECC5FD1A3FB8D8004C0DED</key>
		<dict>
			<key>fileRef</key>
			<string>BBECC5FC1A3FB8D8004C0DED</string>
			<key>isa</key>
			<string>PBXBuildFile</string>
		</dict>
		<key>BBECC5FE1A3FB8EE004C0DED</key>
		<dict>
			<key>fileEncoding</key>
			<string>4</string>
			<key>isa</key>
			<string>PBXFileReference</string>
			<key>lastKnownFileType</key>
			<string>sourcecode.swift</string>
			<key>path</key>
			<string>MealDownloadServiceType.swift</string>
			<key>sourceTree</key>
			<string>&lt;group&gt;</string>
		</dict>
		<key>BBECC5FF1A3FB8EE004C0DED</key>
		<dict>
			<key>fileRef</key>
			<string>BBECC5FE1A3FB8EE004C0DED</string>
			<key>isa</key>
			<string>PBXBuildFile</string>
		</dict>
		<key>BBECC6001A3FC3B7004C0DED</key>
		<dict>
			<key>children</key>
			<array>
				<string>BBECC5FE1A3FB8EE004C0DED</string>
				<string>BBECC5FC1A3FB8D8004C0DED</string>
				<string>BBECC5FA1A3F9D51004C0DED</string>
			</array>
			<key>isa</key>
			<string>PBXGroup</string>
			<key>name</key>
			<string>Infrastructure</string>
			<key>path</key>
			<string>Infrastructure</string>
			<key>sourceTree</key>
			<string>&lt;group&gt;</string>
		</dict>
		<key>BBECC6031A3FC40B004C0DED</key>
		<dict>
			<key>children</key>
			<array>
				<string>BBECC5F41A3F897F004C0DED</string>
			</array>
			<key>isa</key>
			<string>PBXGroup</string>
			<key>name</key>
			<string>Model</string>
			<key>path</key>
			<string>Model</string>
			<key>sourceTree</key>
			<string>&lt;group&gt;</string>
		</dict>
		<key>BBECC6041A3FC416004C0DED</key>
		<dict>
			<key>children</key>
			<array>
				<string>BBECC5EE1A3F866E004C0DED</string>
				<string>BBECC5F01A3F889C004C0DED</string>
			</array>
			<key>isa</key>
			<string>PBXGroup</string>
			<key>name</key>
			<string>Views</string>
			<key>path</key>
			<string>Views</string>
			<key>sourceTree</key>
			<string>&lt;group&gt;</string>
		</dict>
		<key>BBECC6051A3FC434004C0DED</key>
		<dict>
			<key>children</key>
			<array>
				<string>BBECC6061A3FC443004C0DED</string>
				<string>BBECC6041A3FC416004C0DED</string>
			</array>
			<key>isa</key>
			<string>PBXGroup</string>
			<key>name</key>
			<string>Menu</string>
			<key>path</key>
			<string>Menu</string>
			<key>sourceTree</key>
			<string>&lt;group&gt;</string>
		</dict>
		<key>BBECC6061A3FC443004C0DED</key>
		<dict>
			<key>children</key>
			<array>
				<string>BBECC5F61A3F89E4004C0DED</string>
				<string>BBECC5F81A3F8C52004C0DED</string>
			</array>
			<key>isa</key>
			<string>PBXGroup</string>
			<key>name</key>
			<string>ViewModels</string>
			<key>path</key>
			<string>ViewModels</string>
			<key>sourceTree</key>
			<string>&lt;group&gt;</string>
		</dict>
	</dict>
	<key>rootObject</key>
	<string>BBECC5C11A3F8635004C0DED</string>
</dict>
</plist>
